
Microsoft Visual Studio Solution File, Format Version 12.00
# Visual Studio 15
VisualStudioVersion = 15.0.27703.2000
MinimumVisualStudioVersion = 10.0.40219.1
Project("{FAE04EC0-301F-11D3-BF4B-00C04F79EFBC}") = "DasKeyboardQClient", "DasKeyboardQClient.csproj", "{9B8EAC73-87AC-4DBD-AD36-7470F7245D83}"
EndProject
Project("{FAE04EC0-301F-11D3-BF4B-00C04F79EFBC}") = "SampleApp", "SampleApp\SampleApp.csproj", "{1D054189-7F71-4DAE-89D2-47E9EB755EA6}"
EndProject
Global
	GlobalSection(SolutionConfigurationPlatforms) = preSolution
		Debug|Any CPU = Debug|Any CPU
		Release|Any CPU = Release|Any CPU
	EndGlobalSection
	GlobalSection(ProjectConfigurationPlatforms) = postSolution
		{9B8EAC73-87AC-4DBD-AD36-7470F7245D83}.Debug|Any CPU.ActiveCfg = Debug|Any CPU
		{9B8EAC73-87AC-4DBD-AD36-7470F7245D83}.Debug|Any CPU.Build.0 = Debug|Any CPU
		{9B8EAC73-87AC-4DBD-AD36-7470F7245D83}.Release|Any CPU.ActiveCfg = Release|Any CPU
		{9B8EAC73-87AC-4DBD-AD36-7470F7245D83}.Release|Any CPU.Build.0 = Release|Any CPU
		{1D054189-7F71-4DAE-89D2-47E9EB755EA6}.Debug|Any CPU.ActiveCfg = Debug|Any CPU
		{1D054189-7F71-4DAE-89D2-47E9EB755EA6}.Debug|Any CPU.Build.0 = Debug|Any CPU
		{1D054189-7F71-4DAE-89D2-47E9EB755EA6}.Release|Any CPU.ActiveCfg = Release|Any CPU
		{1D054189-7F71-4DAE-89D2-47E9EB755EA6}.Release|Any CPU.Build.0 = Release|Any CPU
	EndGlobalSection
	GlobalSection(SolutionProperties) = preSolution
		HideSolutionNode = FALSE
	EndGlobalSection
	GlobalSection(ExtensibilityGlobals) = postSolution
		SolutionGuid = {AEF3C451-6A8E-47F1-8345-405E11D9EF97}
	EndGlobalSection
EndGlobal
